
Microsoft Visual Studio Solution File, Format Version 12.00
# Visual Studio Version 16
VisualStudioVersion = 16.0.29326.143
MinimumVisualStudioVersion = 10.0.40219.1
Project("{FAE04EC0-301F-11D3-BF4B-00C04F79EFBC}") = "KTern On Premise Connector", "KTern On Premise Connector\KTern On Premise Connector.csproj", "{3581D1B0-D5B9-4CAF-90E1-F6392A77763E}"
EndProject
Global
	GlobalSection(SolutionConfigurationPlatforms) = preSolution
		Debug|Any CPU = Debug|Any CPU
		Release|Any CPU = Release|Any CPU
	EndGlobalSection
	GlobalSection(ProjectConfigurationPlatforms) = postSolution
		{3581D1B0-D5B9-4CAF-90E1-F6392A77763E}.Debug|Any CPU.ActiveCfg = Debug|Any CPU
		{3581D1B0-D5B9-4CAF-90E1-F6392A77763E}.Debug|Any CPU.Build.0 = Debug|Any CPU
		{3581D1B0-D5B9-4CAF-90E1-F6392A77763E}.Release|Any CPU.ActiveCfg = Release|Any CPU
		{3581D1B0-D5B9-4CAF-90E1-F6392A77763E}.Release|Any CPU.Build.0 = Release|Any CPU
	EndGlobalSection
	GlobalSection(SolutionProperties) = preSolution
		HideSolutionNode = FALSE
	EndGlobalSection
	GlobalSection(ExtensibilityGlobals) = postSolution
		SolutionGuid = {84BB80A4-04E9-4198-802A-96C76F4CF314}
	EndGlobalSection
EndGlobal
